{
   "name": "pour",
   "lockfileVersion": 2,
   "requires": true,
   "packages": {
      "": {
         "devDependencies": {
            "isomorphic-ws": "^4.0.1",
            "ws": "^7.0.1"
         }
      },
      "node_modules/isomorphic-ws": {
         "version": "4.0.1",
         "resolved": "https://registry.npmjs.org/isomorphic-ws/-/isomorphic-ws-4.0.1.tgz",
         "integrity": "sha512-BhBvN2MBpWTaSHdWRb/bwdZJ1WaehQ2L1KngkCkfLUGF0mAWAT1sQUQacEmQ0jXkFw/czDXPNQSL5u2/Krsz1w==",
         "dev": true,
         "peerDependencies": {
            "ws": "*"
         }
      },
      "node_modules/ws": {
         "version": "7.4.4",
         "resolved": "https://registry.npmjs.org/ws/-/ws-7.4.4.tgz",
         "integrity": "sha512-Qm8k8ojNQIMx7S+Zp8u/uHOx7Qazv3Yv4q68MiWWWOJhiwG5W3x7iqmRtJo8xxrciZUY4vRxUTJCKuRnF28ZZw==",
         "dev": true,
         "engines": {
            "node": ">=8.3.0"
         },
         "peerDependencies": {
            "bufferutil": "^4.0.1",
            "utf-8-validate": "^5.0.2"
         },
         "peerDependenciesMeta": {
            "bufferutil": {
               "optional": true
            },
            "utf-8-validate": {
               "optional": true
            }
         }
      }
   },
   "dependencies": {
      "isomorphic-ws": {
         "version": "4.0.1",
         "resolved": "https://registry.npmjs.org/isomorphic-ws/-/isomorphic-ws-4.0.1.tgz",
         "integrity": "sha512-BhBvN2MBpWTaSHdWRb/bwdZJ1WaehQ2L1KngkCkfLUGF0mAWAT1sQUQacEmQ0jXkFw/czDXPNQSL5u2/Krsz1w==",
         "dev": true,
         "requires": {}
      },
      "ws": {
         "version": "7.4.4",
         "resolved": "https://registry.npmjs.org/ws/-/ws-7.4.4.tgz",
         "integrity": "sha512-Qm8k8ojNQIMx7S+Zp8u/uHOx7Qazv3Yv4q68MiWWWOJhiwG5W3x7iqmRtJo8xxrciZUY4vRxUTJCKuRnF28ZZw==",
         "dev": true,
         "requires": {}
      }
   }
}
